
Microsoft Visual Studio Solution File, Format Version 12.00
# Visual Studio Version 17
VisualStudioVersion = 17.9.34701.34
MinimumVisualStudioVersion = 10.0.40219.1
Project("{2150E333-8FDC-42A3-9474-1A3956D46DE8}") = "01. FrontEnd", "01. FrontEnd", "{3C0E22F8-D95D-430D-B2EE-42609926BE9C}"
EndProject
Project("{9A19103F-16F7-4668-BE54-9A1E7A4F7556}") = "ADIA.Web", "src\ADIA.Web\ADIA.Web.csproj", "{6202CCC8-4A2D-481B-B4D9-FA13C985652C}"
EndProject
Project("{2150E333-8FDC-42A3-9474-1A3956D46DE8}") = "02. Services", "02. Services", "{27CB593E-F1D9-4BA0-B2CA-E0AA75538781}"
EndProject
Project("{2150E333-8FDC-42A3-9474-1A3956D46DE8}") = "03. Models", "03. Models", "{3374344E-61F8-426F-8AF5-2841B43AAE2B}"
EndProject
Project("{2150E333-8FDC-42A3-9474-1A3956D46DE8}") = "04. UnitOfWork", "04. UnitOfWork", "{4848CB7C-B0D2-4835-A98F-E93D507B8845}"
EndProject
Project("{9A19103F-16F7-4668-BE54-9A1E7A4F7556}") = "ADIA.Model.Domain", "src\ADIA.Model.Domain\ADIA.Model.Domain.csproj", "{DF89C84F-6B80-440D-B491-870D330D457B}"
EndProject
Project("{2150E333-8FDC-42A3-9474-1A3956D46DE8}") = "06. Shared", "06. Shared", "{94B1011C-A166-4151-9E98-7A334F97D52F}"
EndProject
Project("{9A19103F-16F7-4668-BE54-9A1E7A4F7556}") = "ADIA.Shared", "src\ADIA.Shared\ADIA.Shared.csproj", "{36F88CA6-4ADE-46C0-BD04-0CE23E8E2581}"
EndProject
Project("{9A19103F-16F7-4668-BE54-9A1E7A4F7556}") = "ADIA.Service", "src\ADIA.Service\ADIA.Service.csproj", "{7446F656-7C6B-46C2-8B76-4F08E8F33B0B}"
EndProject
Project("{2150E333-8FDC-42A3-9474-1A3956D46DE8}") = "05. Repository", "05. Repository", "{46D9AF9F-648E-4BEA-B70F-D00D0239AD3C}"
EndProject
Project("{9A19103F-16F7-4668-BE54-9A1E7A4F7556}") = "ADIA.Uow", "src\ADIA.Uow\ADIA.Uow.csproj", "{48CD9147-3CEF-4A50-93D0-2116BF6671F0}"
EndProject
Project("{9A19103F-16F7-4668-BE54-9A1E7A4F7556}") = "ADIA.Uow.SqlServer", "src\ADIA.Uow.SqlServer\ADIA.Uow.SqlServer.csproj", "{FC2706B7-7C18-49A8-81E4-25B487D3B3AF}"
EndProject
Project("{9A19103F-16F7-4668-BE54-9A1E7A4F7556}") = "ADIA.Repository.Interfaces", "src\ADIA.Repository.Interfaces\ADIA.Repository.Interfaces.csproj", "{F59FABAF-7C67-4DF1-8CD4-65F583115504}"
EndProject
Project("{9A19103F-16F7-4668-BE54-9A1E7A4F7556}") = "ADIA.Repository.SqlServer", "src\ADIA.Repository.SqlServer\ADIA.Repository.SqlServer.csproj", "{ADA26507-7BAB-4D06-B145-0F49A08F573D}"
EndProject
Project("{9A19103F-16F7-4668-BE54-9A1E7A4F7556}") = "ADIA.Model.DataTransfer", "src\ADIA.Model.DataTransfer\ADIA.Model.DataTransfer.csproj", "{1CA1AE1A-5907-4C78-9E76-8F45170F04CB}"
EndProject
Project("{9A19103F-16F7-4668-BE54-9A1E7A4F7556}") = "ADIA.OpenAi.Proxy", "src\ADIA.OpenAi.Proxy\ADIA.OpenAi.Proxy.csproj", "{F712C95C-3D2D-4E6F-97D1-E2F360E57DAB}"
EndProject
Project("{9A19103F-16F7-4668-BE54-9A1E7A4F7556}") = "ADIA.AzureIa.Proxy", "src\ADIA.AzureIa.Proxy\ADIA.AzureIa.Proxy.csproj", "{76B98B21-2181-4536-BFBA-9AD1319728DB}"
EndProject
Project("{2150E333-8FDC-42A3-9474-1A3956D46DE8}") = "07. Tests", "07. Tests", "{C4CD3B7E-A719-4BB4-9F1B-780953EE569B}"
EndProject
Project("{FAE04EC0-301F-11D3-BF4B-00C04F79EFBC}") = "ADIA.Tests", "src\ADIA.Tests\ADIA.Tests.csproj", "{A63C3E30-4C96-46A4-8366-6F91FC86AE6F}"
EndProject
Global
	GlobalSection(SolutionConfigurationPlatforms) = preSolution
		Debug|Any CPU = Debug|Any CPU
		Release|Any CPU = Release|Any CPU
	EndGlobalSection
	GlobalSection(ProjectConfigurationPlatforms) = postSolution
		{6202CCC8-4A2D-481B-B4D9-FA13C985652C}.Debug|Any CPU.ActiveCfg = Debug|Any CPU
		{6202CCC8-4A2D-481B-B4D9-FA13C985652C}.Debug|Any CPU.Build.0 = Debug|Any CPU
		{6202CCC8-4A2D-481B-B4D9-FA13C985652C}.Release|Any CPU.ActiveCfg = Release|Any CPU
		{6202CCC8-4A2D-481B-B4D9-FA13C985652C}.Release|Any CPU.Build.0 = Release|Any CPU
		{DF89C84F-6B80-440D-B491-870D330D457B}.Debug|Any CPU.ActiveCfg = Debug|Any CPU
		{DF89C84F-6B80-440D-B491-870D330D457B}.Debug|Any CPU.Build.0 = Debug|Any CPU
		{DF89C84F-6B80-440D-B491-870D330D457B}.Release|Any CPU.ActiveCfg = Release|Any CPU
		{DF89C84F-6B80-440D-B491-870D330D457B}.Release|Any CPU.Build.0 = Release|Any CPU
		{36F88CA6-4ADE-46C0-BD04-0CE23E8E2581}.Debug|Any CPU.ActiveCfg = Debug|Any CPU
		{36F88CA6-4ADE-46C0-BD04-0CE23E8E2581}.Debug|Any CPU.Build.0 = Debug|Any CPU
		{36F88CA6-4ADE-46C0-BD04-0CE23E8E2581}.Release|Any CPU.ActiveCfg = Release|Any CPU
		{36F88CA6-4ADE-46C0-BD04-0CE23E8E2581}.Release|Any CPU.Build.0 = Release|Any CPU
		{7446F656-7C6B-46C2-8B76-4F08E8F33B0B}.Debug|Any CPU.ActiveCfg = Debug|Any CPU
		{7446F656-7C6B-46C2-8B76-4F08E8F33B0B}.Debug|Any CPU.Build.0 = Debug|Any CPU
		{7446F656-7C6B-46C2-8B76-4F08E8F33B0B}.Release|Any CPU.ActiveCfg = Release|Any CPU
		{7446F656-7C6B-46C2-8B76-4F08E8F33B0B}.Release|Any CPU.Build.0 = Release|Any CPU
		{48CD9147-3CEF-4A50-93D0-2116BF6671F0}.Debug|Any CPU.ActiveCfg = Debug|Any CPU
		{48CD9147-3CEF-4A50-93D0-2116BF6671F0}.Debug|Any CPU.Build.0 = Debug|Any CPU
		{48CD9147-3CEF-4A50-93D0-2116BF6671F0}.Release|Any CPU.ActiveCfg = Release|Any CPU
		{48CD9147-3CEF-4A50-93D0-2116BF6671F0}.Release|Any CPU.Build.0 = Release|Any CPU
		{FC2706B7-7C18-49A8-81E4-25B487D3B3AF}.Debug|Any CPU.ActiveCfg = Debug|Any CPU
		{FC2706B7-7C18-49A8-81E4-25B487D3B3AF}.Debug|Any CPU.Build.0 = Debug|Any CPU
		{FC2706B7-7C18-49A8-81E4-25B487D3B3AF}.Release|Any CPU.ActiveCfg = Release|Any CPU
		{FC2706B7-7C18-49A8-81E4-25B487D3B3AF}.Release|Any CPU.Build.0 = Release|Any CPU
		{F59FABAF-7C67-4DF1-8CD4-65F583115504}.Debug|Any CPU.ActiveCfg = Debug|Any CPU
		{F59FABAF-7C67-4DF1-8CD4-65F583115504}.Debug|Any CPU.Build.0 = Debug|Any CPU
		{F59FABAF-7C67-4DF1-8CD4-65F583115504}.Release|Any CPU.ActiveCfg = Release|Any CPU
		{F59FABAF-7C67-4DF1-8CD4-65F583115504}.Release|Any CPU.Build.0 = Release|Any CPU
		{ADA26507-7BAB-4D06-B145-0F49A08F573D}.Debug|Any CPU.ActiveCfg = Debug|Any CPU
		{ADA26507-7BAB-4D06-B145-0F49A08F573D}.Debug|Any CPU.Build.0 = Debug|Any CPU
		{ADA26507-7BAB-4D06-B145-0F49A08F573D}.Release|Any CPU.ActiveCfg = Release|Any CPU
		{ADA26507-7BAB-4D06-B145-0F49A08F573D}.Release|Any CPU.Build.0 = Release|Any CPU
		{1CA1AE1A-5907-4C78-9E76-8F45170F04CB}.Debug|Any CPU.ActiveCfg = Debug|Any CPU
		{1CA1AE1A-5907-4C78-9E76-8F45170F04CB}.Debug|Any CPU.Build.0 = Debug|Any CPU
		{1CA1AE1A-5907-4C78-9E76-8F45170F04CB}.Release|Any CPU.ActiveCfg = Release|Any CPU
		{1CA1AE1A-5907-4C78-9E76-8F45170F04CB}.Release|Any CPU.Build.0 = Release|Any CPU
		{F712C95C-3D2D-4E6F-97D1-E2F360E57DAB}.Debug|Any CPU.ActiveCfg = Debug|Any CPU
		{F712C95C-3D2D-4E6F-97D1-E2F360E57DAB}.Debug|Any CPU.Build.0 = Debug|Any CPU
		{F712C95C-3D2D-4E6F-97D1-E2F360E57DAB}.Release|Any CPU.ActiveCfg = Release|Any CPU
		{F712C95C-3D2D-4E6F-97D1-E2F360E57DAB}.Release|Any CPU.Build.0 = Release|Any CPU
		{76B98B21-2181-4536-BFBA-9AD1319728DB}.Debug|Any CPU.ActiveCfg = Debug|Any CPU
		{76B98B21-2181-4536-BFBA-9AD1319728DB}.Debug|Any CPU.Build.0 = Debug|Any CPU
		{76B98B21-2181-4536-BFBA-9AD1319728DB}.Release|Any CPU.ActiveCfg = Release|Any CPU
		{76B98B21-2181-4536-BFBA-9AD1319728DB}.Release|Any CPU.Build.0 = Release|Any CPU
		{A63C3E30-4C96-46A4-8366-6F91FC86AE6F}.Debug|Any CPU.ActiveCfg = Debug|Any CPU
		{A63C3E30-4C96-46A4-8366-6F91FC86AE6F}.Debug|Any CPU.Build.0 = Debug|Any CPU
		{A63C3E30-4C96-46A4-8366-6F91FC86AE6F}.Release|Any CPU.ActiveCfg = Release|Any CPU
		{A63C3E30-4C96-46A4-8366-6F91FC86AE6F}.Release|Any CPU.Build.0 = Release|Any CPU
	EndGlobalSection
	GlobalSection(SolutionProperties) = preSolution
		HideSolutionNode = FALSE
	EndGlobalSection
	GlobalSection(NestedProjects) = preSolution
		{6202CCC8-4A2D-481B-B4D9-FA13C985652C} = {3C0E22F8-D95D-430D-B2EE-42609926BE9C}
		{DF89C84F-6B80-440D-B491-870D330D457B} = {3374344E-61F8-426F-8AF5-2841B43AAE2B}
		{36F88CA6-4ADE-46C0-BD04-0CE23E8E2581} = {94B1011C-A166-4151-9E98-7A334F97D52F}
		{7446F656-7C6B-46C2-8B76-4F08E8F33B0B} = {27CB593E-F1D9-4BA0-B2CA-E0AA75538781}
		{48CD9147-3CEF-4A50-93D0-2116BF6671F0} = {4848CB7C-B0D2-4835-A98F-E93D507B8845}
		{FC2706B7-7C18-49A8-81E4-25B487D3B3AF} = {4848CB7C-B0D2-4835-A98F-E93D507B8845}
		{F59FABAF-7C67-4DF1-8CD4-65F583115504} = {46D9AF9F-648E-4BEA-B70F-D00D0239AD3C}
		{ADA26507-7BAB-4D06-B145-0F49A08F573D} = {46D9AF9F-648E-4BEA-B70F-D00D0239AD3C}
		{1CA1AE1A-5907-4C78-9E76-8F45170F04CB} = {3374344E-61F8-426F-8AF5-2841B43AAE2B}
		{F712C95C-3D2D-4E6F-97D1-E2F360E57DAB} = {27CB593E-F1D9-4BA0-B2CA-E0AA75538781}
		{76B98B21-2181-4536-BFBA-9AD1319728DB} = {27CB593E-F1D9-4BA0-B2CA-E0AA75538781}
		{A63C3E30-4C96-46A4-8366-6F91FC86AE6F} = {C4CD3B7E-A719-4BB4-9F1B-780953EE569B}
	EndGlobalSection
	GlobalSection(ExtensibilityGlobals) = postSolution
		SolutionGuid = {3555B4AA-F595-49F9-9FC0-A9EA10DDEE94}
	EndGlobalSection
EndGlobal
